
Microsoft Visual Studio Solution File, Format Version 12.00
# Visual Studio Version 16
VisualStudioVersion = 16.0.31129.286
MinimumVisualStudioVersion = 10.0.40219.1
Project("{FAE04EC0-301F-11D3-BF4B-00C04F79EFBC}") = "ServiceApi", "ServiceApi\ServiceApi.csproj", "{FBE9C288-C2C9-419C-AB62-9C02E7C00BDE}"
EndProject
Global
	GlobalSection(SolutionConfigurationPlatforms) = preSolution
		Debug|Any CPU = Debug|Any CPU
		Release|Any CPU = Release|Any CPU
	EndGlobalSection
	GlobalSection(ProjectConfigurationPlatforms) = postSolution
		{FBE9C288-C2C9-419C-AB62-9C02E7C00BDE}.Debug|Any CPU.ActiveCfg = Debug|Any CPU
		{FBE9C288-C2C9-419C-AB62-9C02E7C00BDE}.Debug|Any CPU.Build.0 = Debug|Any CPU
		{FBE9C288-C2C9-419C-AB62-9C02E7C00BDE}.Release|Any CPU.ActiveCfg = Release|Any CPU
		{FBE9C288-C2C9-419C-AB62-9C02E7C00BDE}.Release|Any CPU.Build.0 = Release|Any CPU
	EndGlobalSection
	GlobalSection(SolutionProperties) = preSolution
		HideSolutionNode = FALSE
	EndGlobalSection
	GlobalSection(ExtensibilityGlobals) = postSolution
		SolutionGuid = {6C700A23-D706-4C27-A899-62D328C578D5}
	EndGlobalSection
EndGlobal
